{
  "name": "analisadorlexicosintatico-exemplo",
  "version": "1.0.0",
  "lockfileVersion": 1,
  "requires": true,
  "dependencies": {
    "analisadorlexicosintatico": {
      "version": "1.0.5",
      "resolved": "https://registry.npmjs.org/analisadorlexicosintatico/-/analisadorlexicosintatico-1.0.5.tgz",
      "integrity": "sha512-IyqyGnVOj1tdBpxB92Up6gNOzD2CYYNUpKc8O1Psk5GNapHodGvipNYpidJowpnYfxJXW7yxFzbx2apaDLQnSQ=="
    }
  }
}
