{
  "name": "analisadorlexicosintatico-exemplo",
  "version": "1.0.0",
  "lockfileVersion": 1,
  "requires": true,
  "dependencies": {
    "analisadorlexicosintatico": {
      "version": "1.0.4",
      "resolved": "https://registry.npmjs.org/analisadorlexicosintatico/-/analisadorlexicosintatico-1.0.4.tgz",
      "integrity": "sha512-qzx85IiDKunq9DqZ7EVLkvRtRSPl7h62Xjd95n+cgz4kjLqw92zLzFrJgnVndy/mpEtOLWYIJUBjTzpIQS9pEw=="
    }
  }
}
