{
  "name": "analisadorlexicosintatico-exemplo",
  "version": "1.0.0",
  "lockfileVersion": 1,
  "requires": true,
  "dependencies": {
    "analisadorlexicosintatico": {
      "version": "2.0.0",
      "resolved": "https://registry.npmjs.org/analisadorlexicosintatico/-/analisadorlexicosintatico-2.0.0.tgz",
      "integrity": "sha512-z9flZcV3yORKJ0dc6CgnwPT43S0pteLc1lhJD9I7ELLFokLIqDyq1OwAzHB1rVWQiVFLpZSjckeHRhZrgKs14Q=="
    }
  }
}
